version = 1
revision = 3
requires-python = ">=3.13"

[[package]]
name = "colorama"
version = "0.4.6"
source = { registry = "https://ads.intra.fazenda.sp.gov.br/tfs/PRODUTOS/_packaging/SefazFeed/pypi/simple/" }
sdist = { url = "https://ads.intra.fazenda.sp.gov.br/tfs/PRODUTOS/_packaging/1f682db7-3995-4f32-afeb-fa23a36322da/pypi/download/colorama/0.4.6/colorama-0.4.6.tar.gz", hash = "sha256:08695f5cb7ed6e0531a20572697297273c47b8cae5a63ffc6d6ed5c201be6e44" }
wheels = [
    { url = "https://ads.intra.fazenda.sp.gov.br/tfs/PRODUTOS/_packaging/1f682db7-3995-4f32-afeb-fa23a36322da/pypi/download/colorama/0.4.6/colorama-0.4.6-py2.py3-none-any.whl", hash = "sha256:4f1d9991f5acc0ca119f9d443620b77f9d6b33703e51011c16baf57afb285fc6" },
]

[[package]]
name = "frigobar"
version = "8"
source = { editable = "." }
dependencies = [
    { name = "pathspec" },
]

[package.dev-dependencies]
dev = [
    { name = "pytest" },
]

[package.metadata]
requires-dist = [{ name = "pathspec", specifier = ">=0.12.1" }]

[package.metadata.requires-dev]
dev = [{ name = "pytest" }]

[[package]]
name = "iniconfig"
version = "2.3.0"
source = { registry = "https://ads.intra.fazenda.sp.gov.br/tfs/PRODUTOS/_packaging/SefazFeed/pypi/simple/" }
sdist = { url = "https://ads.intra.fazenda.sp.gov.br/tfs/PRODUTOS/_packaging/1f682db7-3995-4f32-afeb-fa23a36322da/pypi/download/iniconfig/2.3/iniconfig-2.3.0.tar.gz", hash = "sha256:c76315c77db068650d49c5b56314774a7804df16fee4402c1f19d6d15d8c4730" }
wheels = [
    { url = "https://ads.intra.fazenda.sp.gov.br/tfs/PRODUTOS/_packaging/1f682db7-3995-4f32-afeb-fa23a36322da/pypi/download/iniconfig/2.3/iniconfig-2.3.0-py3-none-any.whl", hash = "sha256:f631c04d2c48c52b84d0d0549c99ff3859c98df65b3101406327ecc7d53fbf12" },
]

[[package]]
name = "packaging"
version = "25.0"
source = { registry = "https://ads.intra.fazenda.sp.gov.br/tfs/PRODUTOS/_packaging/SefazFeed/pypi/simple/" }
sdist = { url = "https://ads.intra.fazenda.sp.gov.br/tfs/PRODUTOS/_packaging/1f682db7-3995-4f32-afeb-fa23a36322da/pypi/download/packaging/25/packaging-25.0.tar.gz", hash = "sha256:d443872c98d677bf60f6a1f2f8c1cb748e8fe762d2bf9d3148b5599295b0fc4f" }
wheels = [
    { url = "https://ads.intra.fazenda.sp.gov.br/tfs/PRODUTOS/_packaging/1f682db7-3995-4f32-afeb-fa23a36322da/pypi/download/packaging/25/packaging-25.0-py3-none-any.whl", hash = "sha256:29572ef2b1f17581046b3a2227d5c611fb25ec70ca1ba8554b24b0e69331a484" },
]

[[package]]
name = "pathspec"
version = "1.0.1"
source = { registry = "https://ads.intra.fazenda.sp.gov.br/tfs/PRODUTOS/_packaging/SefazFeed/pypi/simple/" }
sdist = { url = "https://ads.intra.fazenda.sp.gov.br/tfs/PRODUTOS/_packaging/1f682db7-3995-4f32-afeb-fa23a36322da/pypi/download/pathspec/1.0.1/pathspec-1.0.1.tar.gz", hash = "sha256:e2769b508d0dd47b09af6ee2c75b2744a2cb1f474ae4b1494fd6a1b7a841613c" }
wheels = [
    { url = "https://ads.intra.fazenda.sp.gov.br/tfs/PRODUTOS/_packaging/1f682db7-3995-4f32-afeb-fa23a36322da/pypi/download/pathspec/1.0.1/pathspec-1.0.1-py3-none-any.whl", hash = "sha256:8870061f22c58e6d83463cfce9a7dd6eca0512c772c1001fb09ac64091816721" },
]

[[package]]
name = "pluggy"
version = "1.6.0"
source = { registry = "https://ads.intra.fazenda.sp.gov.br/tfs/PRODUTOS/_packaging/SefazFeed/pypi/simple/" }
sdist = { url = "https://ads.intra.fazenda.sp.gov.br/tfs/PRODUTOS/_packaging/1f682db7-3995-4f32-afeb-fa23a36322da/pypi/download/pluggy/1.6/pluggy-1.6.0.tar.gz", hash = "sha256:7dcc130b76258d33b90f61b658791dede3486c3e6bfb003ee5c9bfb396dd22f3" }
wheels = [
    { url = "https://ads.intra.fazenda.sp.gov.br/tfs/PRODUTOS/_packaging/1f682db7-3995-4f32-afeb-fa23a36322da/pypi/download/pluggy/1.6/pluggy-1.6.0-py3-none-any.whl", hash = "sha256:e920276dd6813095e9377c0bc5566d94c932c33b27a3e3945d8389c374dd4746" },
]

[[package]]
name = "pygments"
version = "2.19.2"
source = { registry = "https://ads.intra.fazenda.sp.gov.br/tfs/PRODUTOS/_packaging/SefazFeed/pypi/simple/" }
sdist = { url = "https://ads.intra.fazenda.sp.gov.br/tfs/PRODUTOS/_packaging/1f682db7-3995-4f32-afeb-fa23a36322da/pypi/download/pygments/2.19.2/pygments-2.19.2.tar.gz", hash = "sha256:636cb2477cec7f8952536970bc533bc43743542f70392ae026374600add5b887" }
wheels = [
    { url = "https://ads.intra.fazenda.sp.gov.br/tfs/PRODUTOS/_packaging/1f682db7-3995-4f32-afeb-fa23a36322da/pypi/download/pygments/2.19.2/pygments-2.19.2-py3-none-any.whl", hash = "sha256:86540386c03d588bb81d44bc3928634ff26449851e99741617ecb9037ee5ec0b" },
]

[[package]]
name = "pytest"
version = "9.0.2"
source = { registry = "https://ads.intra.fazenda.sp.gov.br/tfs/PRODUTOS/_packaging/SefazFeed/pypi/simple/" }
dependencies = [
    { name = "colorama", marker = "sys_platform == 'win32'" },
    { name = "iniconfig" },
    { name = "packaging" },
    { name = "pluggy" },
    { name = "pygments" },
]
sdist = { url = "https://ads.intra.fazenda.sp.gov.br/tfs/PRODUTOS/_packaging/1f682db7-3995-4f32-afeb-fa23a36322da/pypi/download/pytest/9.0.2/pytest-9.0.2.tar.gz", hash = "sha256:75186651a92bd89611d1d9fc20f0b4345fd827c41ccd5c299a868a05d70edf11" }
wheels = [
    { url = "https://ads.intra.fazenda.sp.gov.br/tfs/PRODUTOS/_packaging/1f682db7-3995-4f32-afeb-fa23a36322da/pypi/download/pytest/9.0.2/pytest-9.0.2-py3-none-any.whl", hash = "sha256:711ffd45bf766d5264d487b917733b453d917afd2b0ad65223959f59089f875b" },
]
